
Microsoft Visual Studio Solution File, Format Version 12.00
# Visual Studio Version 16
VisualStudioVersion = 16.0.28729.10
MinimumVisualStudioVersion = 10.0.40219.1
Project("{FAE04EC0-301F-11D3-BF4B-00C04F79EFBC}") = "Aplikasi Konversi Suhu", "Aplikasi Konversi Suhu\Aplikasi Konversi Suhu.csproj", "{70F63E85-9180-4FD9-B1C3-BB5688B4051A}"
EndProject
Global
	GlobalSection(SolutionConfigurationPlatforms) = preSolution
		Debug|Any CPU = Debug|Any CPU
		Release|Any CPU = Release|Any CPU
	EndGlobalSection
	GlobalSection(ProjectConfigurationPlatforms) = postSolution
		{70F63E85-9180-4FD9-B1C3-BB5688B4051A}.Debug|Any CPU.ActiveCfg = Debug|Any CPU
		{70F63E85-9180-4FD9-B1C3-BB5688B4051A}.Debug|Any CPU.Build.0 = Debug|Any CPU
		{70F63E85-9180-4FD9-B1C3-BB5688B4051A}.Release|Any CPU.ActiveCfg = Release|Any CPU
		{70F63E85-9180-4FD9-B1C3-BB5688B4051A}.Release|Any CPU.Build.0 = Release|Any CPU
	EndGlobalSection
	GlobalSection(SolutionProperties) = preSolution
		HideSolutionNode = FALSE
	EndGlobalSection
	GlobalSection(ExtensibilityGlobals) = postSolution
		SolutionGuid = {459C8B43-E6B6-41C6-8EB8-3689E5560CE2}
	EndGlobalSection
EndGlobal
